
Microsoft Visual Studio Solution File, Format Version 12.00
# Visual Studio 15
VisualStudioVersion = 15.0.27130.2010
MinimumVisualStudioVersion = 10.0.40219.1
Project("{FAE04EC0-301F-11D3-BF4B-00C04F79EFBC}") = "QSharpTest", "QSharpTest\QSharpTest.csproj", "{3A335A7A-AF85-4599-8D6A-298AB0A6E436}"
EndProject
Global
	GlobalSection(SolutionConfigurationPlatforms) = preSolution
		Debug|Any CPU = Debug|Any CPU
		Release|Any CPU = Release|Any CPU
	EndGlobalSection
	GlobalSection(ProjectConfigurationPlatforms) = postSolution
		{3A335A7A-AF85-4599-8D6A-298AB0A6E436}.Debug|Any CPU.ActiveCfg = Debug|Any CPU
		{3A335A7A-AF85-4599-8D6A-298AB0A6E436}.Debug|Any CPU.Build.0 = Debug|Any CPU
		{3A335A7A-AF85-4599-8D6A-298AB0A6E436}.Release|Any CPU.ActiveCfg = Release|Any CPU
		{3A335A7A-AF85-4599-8D6A-298AB0A6E436}.Release|Any CPU.Build.0 = Release|Any CPU
	EndGlobalSection
	GlobalSection(SolutionProperties) = preSolution
		HideSolutionNode = FALSE
	EndGlobalSection
	GlobalSection(ExtensibilityGlobals) = postSolution
		SolutionGuid = {0B4A98CA-31DC-4229-8782-B394180A016F}
	EndGlobalSection
EndGlobal
